{
  "name": "module17_challenge",
  "version": "1.0.0",
  "lockfileVersion": 2,
  "requires": true,
  "packages": {
    "": {
      "name": "module17_challenge",
      "version": "1.0.0",
      "license": "MIT",
      "dependencies": {
        "zero-md": "^2.3.6"
      }
    },
    "node_modules/zero-md": {
      "version": "2.3.6",
      "resolved": "https://registry.npmjs.org/zero-md/-/zero-md-2.3.6.tgz",
      "integrity": "sha512-hcIjzKMOPnFHawPlddkzTUHwRsXQnGF9dgZdLqVH5hdYW5OCLx92uPS/E+zY0cmW9Ey0Go/grSSegtKkePm0eA==",
      "engines": {
        "node": "^12.20.0 || ^14.13.1 || >=16.0.0"
      }
    }
  },
  "dependencies": {
    "zero-md": {
      "version": "2.3.6",
      "resolved": "https://registry.npmjs.org/zero-md/-/zero-md-2.3.6.tgz",
      "integrity": "sha512-hcIjzKMOPnFHawPlddkzTUHwRsXQnGF9dgZdLqVH5hdYW5OCLx92uPS/E+zY0cmW9Ey0Go/grSSegtKkePm0eA=="
    }
  }
}
